
Microsoft Visual Studio Solution File, Format Version 12.00
# Visual Studio Version 17
VisualStudioVersion = 17.14.36203.30
MinimumVisualStudioVersion = 10.0.40219.1
Project("{FAE04EC0-301F-11D3-BF4B-00C04F79EFBC}") = "InsERT.CurrencyApp.WalletService", "src\InsERT.CurrencyApp.WalletService\InsERT.CurrencyApp.WalletService.csproj", "{0CCA01EC-2779-482F-BEAC-2D747FFDB308}"
EndProject
Project("{FAE04EC0-301F-11D3-BF4B-00C04F79EFBC}") = "InsERT.CurrencyApp.CurrencyService", "src\InsERT.CurrencyApp.CurrencyService\InsERT.CurrencyApp.CurrencyService.csproj", "{628C3979-FD56-45C4-99F5-B3A1985DC983}"
EndProject
Project("{FAE04EC0-301F-11D3-BF4B-00C04F79EFBC}") = "InsERT.CurrencyApp.TransactionService", "src\InsERT.CurrencyApp.TransactionService\InsERT.CurrencyApp.TransactionService.csproj", "{704B0AB6-2B4E-4D6E-9DD9-EC14522CD3F5}"
EndProject
Project("{FAE04EC0-301F-11D3-BF4B-00C04F79EFBC}") = "InsERT.CurrencyApp.ApiGateway", "src\InsERT.CurrencyApp.ApiGateway\InsERT.CurrencyApp.ApiGateway.csproj", "{7A79AF21-4EDB-4042-ACD9-DBDA7261D2B9}"
EndProject
Project("{FAE04EC0-301F-11D3-BF4B-00C04F79EFBC}") = "InsERT.CurrencyApp.ReportingService", "src\InsERT.CurrencyApp.ReportingService\InsERT.CurrencyApp.ReportingService.csproj", "{2D392DF1-0C07-44F8-BDBB-0F4E770BA71A}"
EndProject
Project("{FAE04EC0-301F-11D3-BF4B-00C04F79EFBC}") = "InsERT.CurrencyApp.Abstractions", "src\InsERT.CurrencyApp.Abstractions\InsERT.CurrencyApp.Abstractions.csproj", "{7060212D-B508-4F36-B222-9E62A8E8DFB7}"
EndProject
Project("{FAE04EC0-301F-11D3-BF4B-00C04F79EFBC}") = "InsERT.CurrencyApp.CurrencyService.Tests", "src\InsERT.CurrencyApp.CurrencyService.Tests\InsERT.CurrencyApp.CurrencyService.Tests.csproj", "{26A3D81F-D0C5-3912-EC4B-DD0AE4A1BE17}"
EndProject
Global
	GlobalSection(SolutionConfigurationPlatforms) = preSolution
		Debug|Any CPU = Debug|Any CPU
		Release|Any CPU = Release|Any CPU
	EndGlobalSection
	GlobalSection(ProjectConfigurationPlatforms) = postSolution
		{0CCA01EC-2779-482F-BEAC-2D747FFDB308}.Debug|Any CPU.ActiveCfg = Debug|Any CPU
		{0CCA01EC-2779-482F-BEAC-2D747FFDB308}.Debug|Any CPU.Build.0 = Debug|Any CPU
		{0CCA01EC-2779-482F-BEAC-2D747FFDB308}.Release|Any CPU.ActiveCfg = Release|Any CPU
		{0CCA01EC-2779-482F-BEAC-2D747FFDB308}.Release|Any CPU.Build.0 = Release|Any CPU
		{628C3979-FD56-45C4-99F5-B3A1985DC983}.Debug|Any CPU.ActiveCfg = Debug|Any CPU
		{628C3979-FD56-45C4-99F5-B3A1985DC983}.Debug|Any CPU.Build.0 = Debug|Any CPU
		{628C3979-FD56-45C4-99F5-B3A1985DC983}.Release|Any CPU.ActiveCfg = Release|Any CPU
		{628C3979-FD56-45C4-99F5-B3A1985DC983}.Release|Any CPU.Build.0 = Release|Any CPU
		{704B0AB6-2B4E-4D6E-9DD9-EC14522CD3F5}.Debug|Any CPU.ActiveCfg = Debug|Any CPU
		{704B0AB6-2B4E-4D6E-9DD9-EC14522CD3F5}.Debug|Any CPU.Build.0 = Debug|Any CPU
		{704B0AB6-2B4E-4D6E-9DD9-EC14522CD3F5}.Release|Any CPU.ActiveCfg = Release|Any CPU
		{704B0AB6-2B4E-4D6E-9DD9-EC14522CD3F5}.Release|Any CPU.Build.0 = Release|Any CPU
		{7A79AF21-4EDB-4042-ACD9-DBDA7261D2B9}.Debug|Any CPU.ActiveCfg = Debug|Any CPU
		{7A79AF21-4EDB-4042-ACD9-DBDA7261D2B9}.Debug|Any CPU.Build.0 = Debug|Any CPU
		{7A79AF21-4EDB-4042-ACD9-DBDA7261D2B9}.Release|Any CPU.ActiveCfg = Release|Any CPU
		{7A79AF21-4EDB-4042-ACD9-DBDA7261D2B9}.Release|Any CPU.Build.0 = Release|Any CPU
		{2D392DF1-0C07-44F8-BDBB-0F4E770BA71A}.Debug|Any CPU.ActiveCfg = Debug|Any CPU
		{2D392DF1-0C07-44F8-BDBB-0F4E770BA71A}.Debug|Any CPU.Build.0 = Debug|Any CPU
		{2D392DF1-0C07-44F8-BDBB-0F4E770BA71A}.Release|Any CPU.ActiveCfg = Release|Any CPU
		{2D392DF1-0C07-44F8-BDBB-0F4E770BA71A}.Release|Any CPU.Build.0 = Release|Any CPU
		{7060212D-B508-4F36-B222-9E62A8E8DFB7}.Debug|Any CPU.ActiveCfg = Debug|Any CPU
		{7060212D-B508-4F36-B222-9E62A8E8DFB7}.Debug|Any CPU.Build.0 = Debug|Any CPU
		{7060212D-B508-4F36-B222-9E62A8E8DFB7}.Release|Any CPU.ActiveCfg = Release|Any CPU
		{7060212D-B508-4F36-B222-9E62A8E8DFB7}.Release|Any CPU.Build.0 = Release|Any CPU
		{26A3D81F-D0C5-3912-EC4B-DD0AE4A1BE17}.Debug|Any CPU.ActiveCfg = Debug|Any CPU
		{26A3D81F-D0C5-3912-EC4B-DD0AE4A1BE17}.Debug|Any CPU.Build.0 = Debug|Any CPU
		{26A3D81F-D0C5-3912-EC4B-DD0AE4A1BE17}.Release|Any CPU.ActiveCfg = Release|Any CPU
		{26A3D81F-D0C5-3912-EC4B-DD0AE4A1BE17}.Release|Any CPU.Build.0 = Release|Any CPU
	EndGlobalSection
	GlobalSection(SolutionProperties) = preSolution
		HideSolutionNode = FALSE
	EndGlobalSection
	GlobalSection(ExtensibilityGlobals) = postSolution
		SolutionGuid = {38C9BBCF-4E76-4CB2-992B-A5505D622657}
	EndGlobalSection
EndGlobal
